
Microsoft Visual Studio Solution File, Format Version 12.00
# Visual Studio Version 16
VisualStudioVersion = 16.0.29609.76
MinimumVisualStudioVersion = 10.0.40219.1
Project("{9A19103F-16F7-4668-BE54-9A1E7A4F7556}") = "WebSocketSharpController", "WebSocketSharpController\WebSocketSharpController.csproj", "{540C5D1D-E9CF-4B65-8DCF-4FCCF263DB68}"
EndProject
Project("{2150E333-8FDC-42A3-9474-1A3956D46DE8}") = "Solution Items", "Solution Items", "{52E79502-FCB3-45ED-971E-74FE92A2C69B}"
	ProjectSection(SolutionItems) = preProject
		.dockerignore = .dockerignore
		.gitignore = .gitignore
		LICENSE = LICENSE
		README.md = README.md
	EndProjectSection
EndProject
Global
	GlobalSection(SolutionConfigurationPlatforms) = preSolution
		Debug|Any CPU = Debug|Any CPU
		Release|Any CPU = Release|Any CPU
	EndGlobalSection
	GlobalSection(ProjectConfigurationPlatforms) = postSolution
		{540C5D1D-E9CF-4B65-8DCF-4FCCF263DB68}.Debug|Any CPU.ActiveCfg = Debug|Any CPU
		{540C5D1D-E9CF-4B65-8DCF-4FCCF263DB68}.Debug|Any CPU.Build.0 = Debug|Any CPU
		{540C5D1D-E9CF-4B65-8DCF-4FCCF263DB68}.Release|Any CPU.ActiveCfg = Release|Any CPU
		{540C5D1D-E9CF-4B65-8DCF-4FCCF263DB68}.Release|Any CPU.Build.0 = Release|Any CPU
	EndGlobalSection
	GlobalSection(SolutionProperties) = preSolution
		HideSolutionNode = FALSE
	EndGlobalSection
	GlobalSection(ExtensibilityGlobals) = postSolution
		SolutionGuid = {3CD24B00-48F3-4F88-89EA-9017A41AD359}
	EndGlobalSection
EndGlobal
